
Microsoft Visual Studio Solution File, Format Version 12.00
# Visual Studio Version 17
VisualStudioVersion = 17.7.34024.191
MinimumVisualStudioVersion = 10.0.40219.1
Project("{FAE04EC0-301F-11D3-BF4B-00C04F79EFBC}") = "DruidDataTransporter", "DruidDataTransporter\DruidDataTransporter.csproj", "{FD05CFD0-A378-4067-B34E-F9EE7F497794}"
EndProject
Project("{9A19103F-16F7-4668-BE54-9A1E7A4F7556}") = "LogLib", "LogLib\LogLib.csproj", "{95F33D8B-8CA1-449B-92F6-688470777450}"
EndProject
Global
	GlobalSection(SolutionConfigurationPlatforms) = preSolution
		Debug|Any CPU = Debug|Any CPU
		Release|Any CPU = Release|Any CPU
	EndGlobalSection
	GlobalSection(ProjectConfigurationPlatforms) = postSolution
		{FD05CFD0-A378-4067-B34E-F9EE7F497794}.Debug|Any CPU.ActiveCfg = Debug|Any CPU
		{FD05CFD0-A378-4067-B34E-F9EE7F497794}.Debug|Any CPU.Build.0 = Debug|Any CPU
		{FD05CFD0-A378-4067-B34E-F9EE7F497794}.Release|Any CPU.ActiveCfg = Release|Any CPU
		{FD05CFD0-A378-4067-B34E-F9EE7F497794}.Release|Any CPU.Build.0 = Release|Any CPU
		{95F33D8B-8CA1-449B-92F6-688470777450}.Debug|Any CPU.ActiveCfg = Debug|Any CPU
		{95F33D8B-8CA1-449B-92F6-688470777450}.Debug|Any CPU.Build.0 = Debug|Any CPU
		{95F33D8B-8CA1-449B-92F6-688470777450}.Release|Any CPU.ActiveCfg = Release|Any CPU
		{95F33D8B-8CA1-449B-92F6-688470777450}.Release|Any CPU.Build.0 = Release|Any CPU
	EndGlobalSection
	GlobalSection(SolutionProperties) = preSolution
		HideSolutionNode = FALSE
	EndGlobalSection
	GlobalSection(ExtensibilityGlobals) = postSolution
		SolutionGuid = {381DFCA3-41FD-4533-AC7E-053FE38B9F86}
	EndGlobalSection
EndGlobal
